// !$*UTF8*$!
{
	archiveVersion = 1;
	classes = {
	};
	objectVersion = 50;
	objects = {

/* Begin PBXBuildFile section */
		8EFB9A936C9E6CA2AFFE0E48 /* Pods_Dev_Chat.framework in Frameworks */ = {isa = PBXBuildFile; fileRef = 6647A13F68A1FF2CF69AE8B2 /* Pods_Dev_Chat.framework */; };
		EEE076DE21272EFD00D49E72 /* AppDelegate.swift in Sources */ = {isa = PBXBuildFile; fileRef = EEE076DD21272EFD00D49E72 /* AppDelegate.swift */; };
		EEE076E021272EFD00D49E72 /* ViewController.swift in Sources */ = {isa = PBXBuildFile; fileRef = EEE076DF21272EFD00D49E72 /* ViewController.swift */; };
		EEE076E321272EFD00D49E72 /* Main.storyboard in Resources */ = {isa = PBXBuildFile; fileRef = EEE076E121272EFD00D49E72 /* Main.storyboard */; };
		EEE076E621272EFD00D49E72 /* Dev_Chat.xcdatamodeld in Sources */ = {isa = PBXBuildFile; fileRef = EEE076E421272EFD00D49E72 /* Dev_Chat.xcdatamodeld */; };
		EEE076E821272EFF00D49E72 /* Assets.xcassets in Resources */ = {isa = PBXBuildFile; fileRef = EEE076E721272EFF00D49E72 /* Assets.xcassets */; };
		EEE076EB21272EFF00D49E72 /* LaunchScreen.storyboard in Resources */ = {isa = PBXBuildFile; fileRef = EEE076E921272EFF00D49E72 /* LaunchScreen.storyboard */; };
		EEE076F821272F9500D49E72 /* GoogleService-Info.plist in Resources */ = {isa = PBXBuildFile; fileRef = EEE076F721272F9500D49E72 /* GoogleService-Info.plist */; };
/* End PBXBuildFile section */

/* Begin PBXFileReference section */
		29D49F2AA8E10FBBA711D3BF /* Pods-Dev-Chat.release.xcconfig */ = {isa = PBXFileReference; includeInIndex = 1; lastKnownFileType = text.xcconfig; name = "Pods-Dev-Chat.release.xcconfig"; path = "Pods/Target Support Files/Pods-Dev-Chat/Pods-Dev-Chat.release.xcconfig"; sourceTree = "<group>"; };
		2E82A81A9F450345CC044472 /* Pods-Dev-Chat.debug.xcconfig */ = {isa = PBXFileReference; includeInIndex = 1; lastKnownFileType = text.xcconfig; name = "Pods-Dev-Chat.debug.xcconfig"; path = "Pods/Target Support Files/Pods-Dev-Chat/Pods-Dev-Chat.debug.xcconfig"; sourceTree = "<group>"; };
		6647A13F68A1FF2CF69AE8B2 /* Pods_Dev_Chat.framework */ = {isa = PBXFileReference; explicitFileType = wrapper.framework; includeInIndex = 0; path = Pods_Dev_Chat.framework; sourceTree = BUILT_PRODUCTS_DIR; };
		EEE076DA21272EFD00D49E72 /* Dev-Chat.app */ = {isa = PBXFileReference; explicitFileType = wrapper.application; includeInIndex = 0; path = "Dev-Chat.app"; sourceTree = BUILT_PRODUCTS_DIR; };
		EEE076DD21272EFD00D49E72 /* AppDelegate.swift */ = {isa = PBXFileReference; lastKnownFileType = sourcecode.swift; path = AppDelegate.swift; sourceTree = "<group>"; };
		EEE076DF21272EFD00D49E72 /* ViewController.swift */ = {isa = PBXFileReference; lastKnownFileType = sourcecode.swift; path = ViewController.swift; sourceTree = "<group>"; };
		EEE076E221272EFD00D49E72 /* Base */ = {isa = PBXFileReference; lastKnownFileType = file.storyboard; name = Base; path = Base.lproj/Main.storyboard; sourceTree = "<group>"; };
		EEE076E521272EFD00D49E72 /* Dev_Chat.xcdatamodel */ = {isa = PBXFileReference; lastKnownFileType = wrapper.xcdatamodel; path = Dev_Chat.xcdatamodel; sourceTree = "<group>"; };
		EEE076E721272EFF00D49E72 /* Assets.xcassets */ = {isa = PBXFileReference; lastKnownFileType = folder.assetcatalog; path = Assets.xcassets; sourceTree = "<group>"; };
		EEE076EA21272EFF00D49E72 /* Base */ = {isa = PBXFileReference; lastKnownFileType = file.storyboard; name = Base; path = Base.lproj/LaunchScreen.storyboard; sourceTree = "<group>"; };
		EEE076EC21272EFF00D49E72 /* Info.plist */ = {isa = PBXFileReference; lastKnownFileType = text.plist.xml; path = Info.plist; sourceTree = "<group>"; };
		EEE076F721272F9500D49E72 /* GoogleService-Info.plist */ = {isa = PBXFileReference; fileEncoding = 4; lastKnownFileType = text.plist.xml; path = "GoogleService-Info.plist"; sourceTree = "<group>"; };
/* End PBXFileReference section */

/* Begin PBXFrameworksBuildPhase section */
		EEE076D721272EFD00D49E72 /* Frameworks */ = {
			isa = PBXFrameworksBuildPhase;
			buildActionMask = 2147483647;
			files = (
				8EFB9A936C9E6CA2AFFE0E48 /* Pods_Dev_Chat.framework in Frameworks */,
			);
			runOnlyForDeploymentPostprocessing = 0;
		};
/* End PBXFrameworksBuildPhase section */

/* Begin PBXGroup section */
		23CB5B793737CB4E2EE0879F /* Frameworks */ = {
			isa = PBXGroup;
			children = (
				6647A13F68A1FF2CF69AE8B2 /* Pods_Dev_Chat.framework */,
			);
			name = Frameworks;
			sourceTree = "<group>";
		};
		2482249C43EBB98E318747C0 /* Pods */ = {
			isa = PBXGroup;
			children = (
				2E82A81A9F450345CC044472 /* Pods-Dev-Chat.debug.xcconfig */,
				29D49F2AA8E10FBBA711D3BF /* Pods-Dev-Chat.release.xcconfig */,
			);
			name = Pods;
			sourceTree = "<group>";
		};
		EEE076D121272EFD00D49E72 = {
			isa = PBXGroup;
			children = (
				EEE076DC21272EFD00D49E72 /* Dev-Chat */,
				EEE076DB21272EFD00D49E72 /* Products */,
				2482249C43EBB98E318747C0 /* Pods */,
				23CB5B793737CB4E2EE0879F /* Frameworks */,
			);
			sourceTree = "<group>";
		};
		EEE076DB21272EFD00D49E72 /* Products */ = {
			isa = PBXGroup;
			children = (
				EEE076DA21272EFD00D49E72 /* Dev-Chat.app */,
			);
			name = Products;
			sourceTree = "<group>";
		};
		EEE076DC21272EFD00D49E72 /* Dev-Chat */ = {
			isa = PBXGroup;
			children = (
				EEE076F621272F2700D49E72 /* Service */,
				EEE076F521272F2100D49E72 /* Extension */,
				EEE076F421272F1C00D49E72 /* View */,
				EEE076F321272F1700D49E72 /* Model */,
				EEE076F221272F0D00D49E72 /* Controller */,
				EEE076DD21272EFD00D49E72 /* AppDelegate.swift */,
				EEE076E121272EFD00D49E72 /* Main.storyboard */,
				EEE076E721272EFF00D49E72 /* Assets.xcassets */,
				EEE076E921272EFF00D49E72 /* LaunchScreen.storyboard */,
				EEE076EC21272EFF00D49E72 /* Info.plist */,
				EEE076E421272EFD00D49E72 /* Dev_Chat.xcdatamodeld */,
				EEE076F721272F9500D49E72 /* GoogleService-Info.plist */,
			);
			path = "Dev-Chat";
			sourceTree = "<group>";
		};
		EEE076F221272F0D00D49E72 /* Controller */ = {
			isa = PBXGroup;
			children = (
				EEE076DF21272EFD00D49E72 /* ViewController.swift */,
			);
			path = Controller;
			sourceTree = "<group>";
		};
		EEE076F321272F1700D49E72 /* Model */ = {
			isa = PBXGroup;
			children = (
			);
			path = Model;
			sourceTree = "<group>";
		};
		EEE076F421272F1C00D49E72 /* View */ = {
			isa = PBXGroup;
			children = (
			);
			path = View;
			sourceTree = "<group>";
		};
		EEE076F521272F2100D49E72 /* Extension */ = {
			isa = PBXGroup;
			children = (
			);
			path = Extension;
			sourceTree = "<group>";
		};
		EEE076F621272F2700D49E72 /* Service */ = {
			isa = PBXGroup;
			children = (
			);
			path = Service;
			sourceTree = "<group>";
		};
/* End PBXGroup section */

/* Begin PBXNativeTarget section */
		EEE076D921272EFD00D49E72 /* Dev-Chat */ = {
			isa = PBXNativeTarget;
			buildConfigurationList = EEE076EF21272EFF00D49E72 /* Build configuration list for PBXNativeTarget "Dev-Chat" */;
			buildPhases = (
				C7DC60498F98CDA7471D8146 /* [CP] Check Pods Manifest.lock */,
				EEE076D621272EFD00D49E72 /* Sources */,
				EEE076D721272EFD00D49E72 /* Frameworks */,
				EEE076D821272EFD00D49E72 /* Resources */,
				1EB0FB47C64610A1A91A5B21 /* [CP] Embed Pods Frameworks */,
			);
			buildRules = (
			);
			dependencies = (
			);
			name = "Dev-Chat";
			productName = "Dev-Chat";
			productReference = EEE076DA21272EFD00D49E72 /* Dev-Chat.app */;
			productType = "com.apple.product-type.application";
		};
/* End PBXNativeTarget section */

/* Begin PBXProject section */
		EEE076D221272EFD00D49E72 /* Project object */ = {
			isa = PBXProject;
			attributes = {
				LastSwiftUpdateCheck = 0940;
				LastUpgradeCheck = 0940;
				ORGANIZATIONNAME = HeinHtet;
				TargetAttributes = {
					EEE076D921272EFD00D49E72 = {
						CreatedOnToolsVersion = 9.4;
					};
				};
			};
			buildConfigurationList = EEE076D521272EFD00D49E72 /* Build configuration list for PBXProject "Dev-Chat" */;
			compatibilityVersion = "Xcode 9.3";
			developmentRegion = en;
			hasScannedForEncodings = 0;
			knownRegions = (
				en,
				Base,
			);
			mainGroup = EEE076D121272EFD00D49E72;
			productRefGroup = EEE076DB21272EFD00D49E72 /* Products */;
			projectDirPath = "";
			projectRoot = "";
			targets = (
				EEE076D921272EFD00D49E72 /* Dev-Chat */,
			);
		};
/* End PBXProject section */

/* Begin PBXResourcesBuildPhase section */
		EEE076D821272EFD00D49E72 /* Resources */ = {
			isa = PBXResourcesBuildPhase;
			buildActionMask = 2147483647;
			files = (
				EEE076EB21272EFF00D49E72 /* LaunchScreen.storyboard in Resources */,
				EEE076F821272F9500D49E72 /* GoogleService-Info.plist in Resources */,
				EEE076E821272EFF00D49E72 /* Assets.xcassets in Resources */,
				EEE076E321272EFD00D49E72 /* Main.storyboard in Resources */,
			);
			runOnlyForDeploymentPostprocessing = 0;
		};
/* End PBXResourcesBuildPhase section */

/* Begin PBXShellScriptBuildPhase section */
		1EB0FB47C64610A1A91A5B21 /* [CP] Embed Pods Frameworks */ = {
			isa = PBXShellScriptBuildPhase;
			buildActionMask = 2147483647;
			files = (
			);
			inputPaths = (
				"${SRCROOT}/Pods/Target Support Files/Pods-Dev-Chat/Pods-Dev-Chat-frameworks.sh",
				"${BUILT_PRODUCTS_DIR}/GTMSessionFetcher/GTMSessionFetcher.framework",
				"${BUILT_PRODUCTS_DIR}/GoogleToolboxForMac/GoogleToolboxForMac.framework",
				"${BUILT_PRODUCTS_DIR}/leveldb-library/leveldb.framework",
				"${BUILT_PRODUCTS_DIR}/nanopb/nanopb.framework",
			);
			name = "[CP] Embed Pods Frameworks";
			outputPaths = (
				"${TARGET_BUILD_DIR}/${FRAMEWORKS_FOLDER_PATH}/GTMSessionFetcher.framework",
				"${TARGET_BUILD_DIR}/${FRAMEWORKS_FOLDER_PATH}/GoogleToolboxForMac.framework",
				"${TARGET_BUILD_DIR}/${FRAMEWORKS_FOLDER_PATH}/leveldb.framework",
				"${TARGET_BUILD_DIR}/${FRAMEWORKS_FOLDER_PATH}/nanopb.framework",
			);
			runOnlyForDeploymentPostprocessing = 0;
			shellPath = /bin/sh;
			shellScript = "\"${SRCROOT}/Pods/Target Support Files/Pods-Dev-Chat/Pods-Dev-Chat-frameworks.sh\"\n";
			showEnvVarsInLog = 0;
		};
		C7DC60498F98CDA7471D8146 /* [CP] Check Pods Manifest.lock */ = {
			isa = PBXShellScriptBuildPhase;
			buildActionMask = 2147483647;
			files = (
			);
			inputPaths = (
				"${PODS_PODFILE_DIR_PATH}/Podfile.lock",
				"${PODS_ROOT}/Manifest.lock",
			);
			name = "[CP] Check Pods Manifest.lock";
			outputPaths = (
				"$(DERIVED_FILE_DIR)/Pods-Dev-Chat-checkManifestLockResult.txt",
			);
			runOnlyForDeploymentPostprocessing = 0;
			shellPath = /bin/sh;
			shellScript = "diff \"${PODS_PODFILE_DIR_PATH}/Podfile.lock\" \"${PODS_ROOT}/Manifest.lock\" > /dev/null\nif [ $? != 0 ] ; then\n    # print error to STDERR\n    echo \"error: The sandbox is not in sync with the Podfile.lock. Run 'pod install' or update your CocoaPods installation.\" >&2\n    exit 1\nfi\n# This output is used by Xcode 'outputs' to avoid re-running this script phase.\necho \"SUCCESS\" > \"${SCRIPT_OUTPUT_FILE_0}\"\n";
			showEnvVarsInLog = 0;
		};
/* End PBXShellScriptBuildPhase section */

/* Begin PBXSourcesBuildPhase section */
		EEE076D621272EFD00D49E72 /* Sources */ = {
			isa = PBXSourcesBuildPhase;
			buildActionMask = 2147483647;
			files = (
				EEE076E621272EFD00D49E72 /* Dev_Chat.xcdatamodeld in Sources */,
				EEE076E021272EFD00D49E72 /* ViewController.swift in Sources */,
				EEE076DE21272EFD00D49E72 /* AppDelegate.swift in Sources */,
			);
			runOnlyForDeploymentPostprocessing = 0;
		};
/* End PBXSourcesBuildPhase section */

/* Begin PBXVariantGroup section */
		EEE076E121272EFD00D49E72 /* Main.storyboard */ = {
			isa = PBXVariantGroup;
			children = (
				EEE076E221272EFD00D49E72 /* Base */,
			);
			name = Main.storyboard;
			sourceTree = "<group>";
		};
		EEE076E921272EFF00D49E72 /* LaunchScreen.storyboard */ = {
			isa = PBXVariantGroup;
			children = (
				EEE076EA21272EFF00D49E72 /* Base */,
			);
			name = LaunchScreen.storyboard;
			sourceTree = "<group>";
		};
/* End PBXVariantGroup section */

/* Begin XCBuildConfiguration section */
		EEE076ED21272EFF00D49E72 /* Debug */ = {
			isa = XCBuildConfiguration;
			buildSettings = {
				ALWAYS_SEARCH_USER_PATHS = NO;
				CLANG_ANALYZER_NONNULL = YES;
				CLANG_ANALYZER_NUMBER_OBJECT_CONVERSION = YES_AGGRESSIVE;
				CLANG_CXX_LANGUAGE_STANDARD = "gnu++14";
				CLANG_CXX_LIBRARY = "libc++";
				CLANG_ENABLE_MODULES = YES;
				CLANG_ENABLE_OBJC_ARC = YES;
				CLANG_ENABLE_OBJC_WEAK = YES;
				CLANG_WARN_BLOCK_CAPTURE_AUTORELEASING = YES;
				CLANG_WARN_BOOL_CONVERSION = YES;
				CLANG_WARN_COMMA = YES;
				CLANG_WARN_CONSTANT_CONVERSION = YES;
				CLANG_WARN_DEPRECATED_OBJC_IMPLEMENTATIONS = YES;
				CLANG_WARN_DIRECT_OBJC_ISA_USAGE = YES_ERROR;
				CLANG_WARN_DOCUMENTATION_COMMENTS = YES;
				CLANG_WARN_EMPTY_BODY = YES;
				CLANG_WARN_ENUM_CONVERSION = YES;
				CLANG_WARN_INFINITE_RECURSION = YES;
				CLANG_WARN_INT_CONVERSION = YES;
				CLANG_WARN_NON_LITERAL_NULL_CONVERSION = YES;
				CLANG_WARN_OBJC_IMPLICIT_RETAIN_SELF = YES;
				CLANG_WARN_OBJC_LITERAL_CONVERSION = YES;
				CLANG_WARN_OBJC_ROOT_CLASS = YES_ERROR;
				CLANG_WARN_RANGE_LOOP_ANALYSIS = YES;
				CLANG_WARN_STRICT_PROTOTYPES = YES;
				CLANG_WARN_SUSPICIOUS_MOVE = YES;
				CLANG_WARN_UNGUARDED_AVAILABILITY = YES_AGGRESSIVE;
				CLANG_WARN_UNREACHABLE_CODE = YES;
				CLANG_WARN__DUPLICATE_METHOD_MATCH = YES;
				CODE_SIGN_IDENTITY = "iPhone Developer";
				COPY_PHASE_STRIP = NO;
				DEBUG_INFORMATION_FORMAT = dwarf;
				ENABLE_STRICT_OBJC_MSGSEND = YES;
				ENABLE_TESTABILITY = YES;
				GCC_C_LANGUAGE_STANDARD = gnu11;
				GCC_DYNAMIC_NO_PIC = NO;
				GCC_NO_COMMON_BLOCKS = YES;
				GCC_OPTIMIZATION_LEVEL = 0;
				GCC_PREPROCESSOR_DEFINITIONS = (
					"DEBUG=1",
					"$(inherited)",
				);
				GCC_WARN_64_TO_32_BIT_CONVERSION = YES;
				GCC_WARN_ABOUT_RETURN_TYPE = YES_ERROR;
				GCC_WARN_UNDECLARED_SELECTOR = YES;
				GCC_WARN_UNINITIALIZED_AUTOS = YES_AGGRESSIVE;
				GCC_WARN_UNUSED_FUNCTION = YES;
				GCC_WARN_UNUSED_VARIABLE = YES;
				IPHONEOS_DEPLOYMENT_TARGET = 11.4;
				MTL_ENABLE_DEBUG_INFO = YES;
				ONLY_ACTIVE_ARCH = YES;
				SDKROOT = iphoneos;
				SWIFT_ACTIVE_COMPILATION_CONDITIONS = DEBUG;
				SWIFT_OPTIMIZATION_LEVEL = "-Onone";
			};
			name = Debug;
		};
		EEE076EE21272EFF00D49E72 /* Release */ = {
			isa = XCBuildConfiguration;
			buildSettings = {
				ALWAYS_SEARCH_USER_PATHS = NO;
				CLANG_ANALYZER_NONNULL = YES;
				CLANG_ANALYZER_NUMBER_OBJECT_CONVERSION = YES_AGGRESSIVE;
				CLANG_CXX_LANGUAGE_STANDARD = "gnu++14";
				CLANG_CXX_LIBRARY = "libc++";
				CLANG_ENABLE_MODULES = YES;
				CLANG_ENABLE_OBJC_ARC = YES;
				CLANG_ENABLE_OBJC_WEAK = YES;
				CLANG_WARN_BLOCK_CAPTURE_AUTORELEASING = YES;
				CLANG_WARN_BOOL_CONVERSION = YES;
				CLANG_WARN_COMMA = YES;
				CLANG_WARN_CONSTANT_CONVERSION = YES;
				CLANG_WARN_DEPRECATED_OBJC_IMPLEMENTATIONS = YES;
				CLANG_WARN_DIRECT_OBJC_ISA_USAGE = YES_ERROR;
				CLANG_WARN_DOCUMENTATION_COMMENTS = YES;
				CLANG_WARN_EMPTY_BODY = YES;
				CLANG_WARN_ENUM_CONVERSION = YES;
				CLANG_WARN_INFINITE_RECURSION = YES;
				CLANG_WARN_INT_CONVERSION = YES;
				CLANG_WARN_NON_LITERAL_NULL_CONVERSION = YES;
				CLANG_WARN_OBJC_IMPLICIT_RETAIN_SELF = YES;
				CLANG_WARN_OBJC_LITERAL_CONVERSION = YES;
				CLANG_WARN_OBJC_ROOT_CLASS = YES_ERROR;
				CLANG_WARN_RANGE_LOOP_ANALYSIS = YES;
				CLANG_WARN_STRICT_PROTOTYPES = YES;
				CLANG_WARN_SUSPICIOUS_MOVE = YES;
				CLANG_WARN_UNGUARDED_AVAILABILITY = YES_AGGRESSIVE;
				CLANG_WARN_UNREACHABLE_CODE = YES;
				CLANG_WARN__DUPLICATE_METHOD_MATCH = YES;
				CODE_SIGN_IDENTITY = "iPhone Developer";
				COPY_PHASE_STRIP = NO;
				DEBUG_INFORMATION_FORMAT = "dwarf-with-dsym";
				ENABLE_NS_ASSERTIONS = NO;
				ENABLE_STRICT_OBJC_MSGSEND = YES;
				GCC_C_LANGUAGE_STANDARD = gnu11;
				GCC_NO_COMMON_BLOCKS = YES;
				GCC_WARN_64_TO_32_BIT_CONVERSION = YES;
				GCC_WARN_ABOUT_RETURN_TYPE = YES_ERROR;
				GCC_WARN_UNDECLARED_SELECTOR = YES;
				GCC_WARN_UNINITIALIZED_AUTOS = YES_AGGRESSIVE;
				GCC_WARN_UNUSED_FUNCTION = YES;
				GCC_WARN_UNUSED_VARIABLE = YES;
				IPHONEOS_DEPLOYMENT_TARGET = 11.4;
				MTL_ENABLE_DEBUG_INFO = NO;
				SDKROOT = iphoneos;
				SWIFT_COMPILATION_MODE = wholemodule;
				SWIFT_OPTIMIZATION_LEVEL = "-O";
				VALIDATE_PRODUCT = YES;
			};
			name = Release;
		};
		EEE076F021272EFF00D49E72 /* Debug */ = {
			isa = XCBuildConfiguration;
			baseConfigurationReference = 2E82A81A9F450345CC044472 /* Pods-Dev-Chat.debug.xcconfig */;
			buildSettings = {
				ASSETCATALOG_COMPILER_APPICON_NAME = AppIcon;
				CODE_SIGN_STYLE = Automatic;
				DEVELOPMENT_TEAM = 2KX58B2PCS;
				INFOPLIST_FILE = "Dev-Chat/Info.plist";
				LD_RUNPATH_SEARCH_PATHS = (
					"$(inherited)",
					"@executable_path/Frameworks",
				);
				PRODUCT_BUNDLE_IDENTIFIER = "com.Deevd.Dev-Chat";
				PRODUCT_NAME = "$(TARGET_NAME)";
				SWIFT_VERSION = 4.0;
				TARGETED_DEVICE_FAMILY = "1,2";
			};
			name = Debug;
		};
		EEE076F121272EFF00D49E72 /* Release */ = {
			isa = XCBuildConfiguration;
			baseConfigurationReference = 29D49F2AA8E10FBBA711D3BF /* Pods-Dev-Chat.release.xcconfig */;
			buildSettings = {
				ASSETCATALOG_COMPILER_APPICON_NAME = AppIcon;
				CODE_SIGN_STYLE = Automatic;
				DEVELOPMENT_TEAM = 2KX58B2PCS;
				INFOPLIST_FILE = "Dev-Chat/Info.plist";
				LD_RUNPATH_SEARCH_PATHS = (
					"$(inherited)",
					"@executable_path/Frameworks",
				);
				PRODUCT_BUNDLE_IDENTIFIER = "com.Deevd.Dev-Chat";
				PRODUCT_NAME = "$(TARGET_NAME)";
				SWIFT_VERSION = 4.0;
				TARGETED_DEVICE_FAMILY = "1,2";
			};
			name = Release;
		};
/* End XCBuildConfiguration section */

/* Begin XCConfigurationList section */
		EEE076D521272EFD00D49E72 /* Build configuration list for PBXProject "Dev-Chat" */ = {
			isa = XCConfigurationList;
			buildConfigurations = (
				EEE076ED21272EFF00D49E72 /* Debug */,
				EEE076EE21272EFF00D49E72 /* Release */,
			);
			defaultConfigurationIsVisible = 0;
			defaultConfigurationName = Release;
		};
		EEE076EF21272EFF00D49E72 /* Build configuration list for PBXNativeTarget "Dev-Chat" */ = {
			isa = XCConfigurationList;
			buildConfigurations = (
				EEE076F021272EFF00D49E72 /* Debug */,
				EEE076F121272EFF00D49E72 /* Release */,
			);
			defaultConfigurationIsVisible = 0;
			defaultConfigurationName = Release;
		};
/* End XCConfigurationList section */

/* Begin XCVersionGroup section */
		EEE076E421272EFD00D49E72 /* Dev_Chat.xcdatamodeld */ = {
			isa = XCVersionGroup;
			children = (
				EEE076E521272EFD00D49E72 /* Dev_Chat.xcdatamodel */,
			);
			currentVersion = EEE076E521272EFD00D49E72 /* Dev_Chat.xcdatamodel */;
			path = Dev_Chat.xcdatamodeld;
			sourceTree = "<group>";
			versionGroupType = wrapper.xcdatamodel;
		};
/* End XCVersionGroup section */
	};
	rootObject = EEE076D221272EFD00D49E72 /* Project object */;
}
